
Microsoft Visual Studio Solution File, Format Version 12.00
# Visual Studio Version 17
VisualStudioVersion = 17.5.33424.131
MinimumVisualStudioVersion = 10.0.40219.1
Project("{9A19103F-16F7-4668-BE54-9A1E7A4F7556}") = "TestHotel.DataAccess", "TestHotel.DataAccess\TestHotel.DataAccess.csproj", "{AC15607A-23A4-4D6B-93CE-2C17FD915E9E}"
EndProject
Project("{9A19103F-16F7-4668-BE54-9A1E7A4F7556}") = "TestHotel.Service", "TestHotel.Service\TestHotel.Service.csproj", "{DBED404B-A184-415A-9D51-1CFE666B43FA}"
	ProjectSection(ProjectDependencies) = postProject
		{AC15607A-23A4-4D6B-93CE-2C17FD915E9E} = {AC15607A-23A4-4D6B-93CE-2C17FD915E9E}
	EndProjectSection
EndProject
Project("{9A19103F-16F7-4668-BE54-9A1E7A4F7556}") = "TestHotel.API", "TestHotel.API\TestHotel.API.csproj", "{A97CF938-3857-4220-A03D-70A863B54749}"
	ProjectSection(ProjectDependencies) = postProject
		{AC15607A-23A4-4D6B-93CE-2C17FD915E9E} = {AC15607A-23A4-4D6B-93CE-2C17FD915E9E}
		{DBED404B-A184-415A-9D51-1CFE666B43FA} = {DBED404B-A184-415A-9D51-1CFE666B43FA}
	EndProjectSection
EndProject
Project("{2150E333-8FDC-42A3-9474-1A3956D46DE8}") = "HotelMS.Unit.Tests", "HotelMS.Unit.Tests", "{A55C1B63-4295-4613-9EB7-BA09FA92A5AF}"
EndProject
Project("{9A19103F-16F7-4668-BE54-9A1E7A4F7556}") = "API.Test", "API.Test\API.Test.csproj", "{B5A45118-EA35-4CF4-B931-BB40260B8B65}"
EndProject
Project("{9A19103F-16F7-4668-BE54-9A1E7A4F7556}") = "DataAccess.Test", "DataAccess.Test\DataAccess.Test.csproj", "{0BFBD887-1EE8-400F-9A18-31F0A9334D92}"
EndProject
Project("{9A19103F-16F7-4668-BE54-9A1E7A4F7556}") = "Service.Test", "Service.Test\Service.Test.csproj", "{B4B61F35-E4E1-4894-AB07-71B279DF854E}"
EndProject
Global
	GlobalSection(SolutionConfigurationPlatforms) = preSolution
		Debug|Any CPU = Debug|Any CPU
		Release|Any CPU = Release|Any CPU
	EndGlobalSection
	GlobalSection(ProjectConfigurationPlatforms) = postSolution
		{AC15607A-23A4-4D6B-93CE-2C17FD915E9E}.Debug|Any CPU.ActiveCfg = Debug|Any CPU
		{AC15607A-23A4-4D6B-93CE-2C17FD915E9E}.Debug|Any CPU.Build.0 = Debug|Any CPU
		{AC15607A-23A4-4D6B-93CE-2C17FD915E9E}.Release|Any CPU.ActiveCfg = Release|Any CPU
		{AC15607A-23A4-4D6B-93CE-2C17FD915E9E}.Release|Any CPU.Build.0 = Release|Any CPU
		{DBED404B-A184-415A-9D51-1CFE666B43FA}.Debug|Any CPU.ActiveCfg = Debug|Any CPU
		{DBED404B-A184-415A-9D51-1CFE666B43FA}.Debug|Any CPU.Build.0 = Debug|Any CPU
		{DBED404B-A184-415A-9D51-1CFE666B43FA}.Release|Any CPU.ActiveCfg = Release|Any CPU
		{DBED404B-A184-415A-9D51-1CFE666B43FA}.Release|Any CPU.Build.0 = Release|Any CPU
		{A97CF938-3857-4220-A03D-70A863B54749}.Debug|Any CPU.ActiveCfg = Debug|Any CPU
		{A97CF938-3857-4220-A03D-70A863B54749}.Debug|Any CPU.Build.0 = Debug|Any CPU
		{A97CF938-3857-4220-A03D-70A863B54749}.Release|Any CPU.ActiveCfg = Release|Any CPU
		{A97CF938-3857-4220-A03D-70A863B54749}.Release|Any CPU.Build.0 = Release|Any CPU
		{B5A45118-EA35-4CF4-B931-BB40260B8B65}.Debug|Any CPU.ActiveCfg = Debug|Any CPU
		{B5A45118-EA35-4CF4-B931-BB40260B8B65}.Debug|Any CPU.Build.0 = Debug|Any CPU
		{B5A45118-EA35-4CF4-B931-BB40260B8B65}.Release|Any CPU.ActiveCfg = Release|Any CPU
		{B5A45118-EA35-4CF4-B931-BB40260B8B65}.Release|Any CPU.Build.0 = Release|Any CPU
		{0BFBD887-1EE8-400F-9A18-31F0A9334D92}.Debug|Any CPU.ActiveCfg = Debug|Any CPU
		{0BFBD887-1EE8-400F-9A18-31F0A9334D92}.Debug|Any CPU.Build.0 = Debug|Any CPU
		{0BFBD887-1EE8-400F-9A18-31F0A9334D92}.Release|Any CPU.ActiveCfg = Release|Any CPU
		{0BFBD887-1EE8-400F-9A18-31F0A9334D92}.Release|Any CPU.Build.0 = Release|Any CPU
		{B4B61F35-E4E1-4894-AB07-71B279DF854E}.Debug|Any CPU.ActiveCfg = Debug|Any CPU
		{B4B61F35-E4E1-4894-AB07-71B279DF854E}.Debug|Any CPU.Build.0 = Debug|Any CPU
		{B4B61F35-E4E1-4894-AB07-71B279DF854E}.Release|Any CPU.ActiveCfg = Release|Any CPU
		{B4B61F35-E4E1-4894-AB07-71B279DF854E}.Release|Any CPU.Build.0 = Release|Any CPU
	EndGlobalSection
	GlobalSection(SolutionProperties) = preSolution
		HideSolutionNode = FALSE
	EndGlobalSection
	GlobalSection(NestedProjects) = preSolution
		{B5A45118-EA35-4CF4-B931-BB40260B8B65} = {A55C1B63-4295-4613-9EB7-BA09FA92A5AF}
		{0BFBD887-1EE8-400F-9A18-31F0A9334D92} = {A55C1B63-4295-4613-9EB7-BA09FA92A5AF}
		{B4B61F35-E4E1-4894-AB07-71B279DF854E} = {A55C1B63-4295-4613-9EB7-BA09FA92A5AF}
	EndGlobalSection
	GlobalSection(ExtensibilityGlobals) = postSolution
		SolutionGuid = {933C4A90-059B-42FA-AF0B-8459A5540F86}
	EndGlobalSection
EndGlobal
