
Microsoft Visual Studio Solution File, Format Version 12.00
# Visual Studio Version 17
VisualStudioVersion = 17.5.33424.131
MinimumVisualStudioVersion = 10.0.40219.1
Project("{9A19103F-16F7-4668-BE54-9A1E7A4F7556}") = "TestHotel.DataAccess", "TestHotel.DataAccess\TestHotel.DataAccess.csproj", "{AC15607A-23A4-4D6B-93CE-2C17FD915E9E}"
EndProject
Project("{9A19103F-16F7-4668-BE54-9A1E7A4F7556}") = "TestHotel.Service", "TestHotel.Service\TestHotel.Service.csproj", "{DBED404B-A184-415A-9D51-1CFE666B43FA}"
	ProjectSection(ProjectDependencies) = postProject
		{AC15607A-23A4-4D6B-93CE-2C17FD915E9E} = {AC15607A-23A4-4D6B-93CE-2C17FD915E9E}
	EndProjectSection
EndProject
Project("{9A19103F-16F7-4668-BE54-9A1E7A4F7556}") = "TestHotel.API", "TestHotel.API\TestHotel.API.csproj", "{A97CF938-3857-4220-A03D-70A863B54749}"
	ProjectSection(ProjectDependencies) = postProject
		{DBED404B-A184-415A-9D51-1CFE666B43FA} = {DBED404B-A184-415A-9D51-1CFE666B43FA}
	EndProjectSection
EndProject
Global
	GlobalSection(SolutionConfigurationPlatforms) = preSolution
		Debug|Any CPU = Debug|Any CPU
		Release|Any CPU = Release|Any CPU
	EndGlobalSection
	GlobalSection(ProjectConfigurationPlatforms) = postSolution
		{AC15607A-23A4-4D6B-93CE-2C17FD915E9E}.Debug|Any CPU.ActiveCfg = Debug|Any CPU
		{AC15607A-23A4-4D6B-93CE-2C17FD915E9E}.Debug|Any CPU.Build.0 = Debug|Any CPU
		{AC15607A-23A4-4D6B-93CE-2C17FD915E9E}.Release|Any CPU.ActiveCfg = Release|Any CPU
		{AC15607A-23A4-4D6B-93CE-2C17FD915E9E}.Release|Any CPU.Build.0 = Release|Any CPU
		{DBED404B-A184-415A-9D51-1CFE666B43FA}.Debug|Any CPU.ActiveCfg = Debug|Any CPU
		{DBED404B-A184-415A-9D51-1CFE666B43FA}.Debug|Any CPU.Build.0 = Debug|Any CPU
		{DBED404B-A184-415A-9D51-1CFE666B43FA}.Release|Any CPU.ActiveCfg = Release|Any CPU
		{DBED404B-A184-415A-9D51-1CFE666B43FA}.Release|Any CPU.Build.0 = Release|Any CPU
		{A97CF938-3857-4220-A03D-70A863B54749}.Debug|Any CPU.ActiveCfg = Debug|Any CPU
		{A97CF938-3857-4220-A03D-70A863B54749}.Debug|Any CPU.Build.0 = Debug|Any CPU
		{A97CF938-3857-4220-A03D-70A863B54749}.Release|Any CPU.ActiveCfg = Release|Any CPU
		{A97CF938-3857-4220-A03D-70A863B54749}.Release|Any CPU.Build.0 = Release|Any CPU
	EndGlobalSection
	GlobalSection(SolutionProperties) = preSolution
		HideSolutionNode = FALSE
	EndGlobalSection
	GlobalSection(ExtensibilityGlobals) = postSolution
		SolutionGuid = {933C4A90-059B-42FA-AF0B-8459A5540F86}
	EndGlobalSection
EndGlobal
